
Microsoft Visual Studio Solution File, Format Version 12.00
# Visual Studio Version 17
VisualStudioVersion = 17.9.34607.119
MinimumVisualStudioVersion = 10.0.40219.1
Project("{FAE04EC0-301F-11D3-BF4B-00C04F79EFBC}") = "Senkronize", "Senkronize\Senkronize.csproj", "{94C45946-6B35-4CC8-93AC-F239B1EF2166}"
EndProject
Global
	GlobalSection(SolutionConfigurationPlatforms) = preSolution
		Debug|Any CPU = Debug|Any CPU
		Release|Any CPU = Release|Any CPU
	EndGlobalSection
	GlobalSection(ProjectConfigurationPlatforms) = postSolution
		{94C45946-6B35-4CC8-93AC-F239B1EF2166}.Debug|Any CPU.ActiveCfg = Debug|Any CPU
		{94C45946-6B35-4CC8-93AC-F239B1EF2166}.Debug|Any CPU.Build.0 = Debug|Any CPU
		{94C45946-6B35-4CC8-93AC-F239B1EF2166}.Release|Any CPU.ActiveCfg = Release|Any CPU
		{94C45946-6B35-4CC8-93AC-F239B1EF2166}.Release|Any CPU.Build.0 = Release|Any CPU
	EndGlobalSection
	GlobalSection(SolutionProperties) = preSolution
		HideSolutionNode = FALSE
	EndGlobalSection
	GlobalSection(ExtensibilityGlobals) = postSolution
		SolutionGuid = {098BD005-3058-40D1-9599-94F0D12274C7}
	EndGlobalSection
EndGlobal
